
Microsoft Visual Studio Solution File, Format Version 12.00
# Visual Studio Version 16
VisualStudioVersion = 16.0.31829.152
MinimumVisualStudioVersion = 10.0.40219.1
Project("{FAE04EC0-301F-11D3-BF4B-00C04F79EFBC}") = "Test", "Test\Test.csproj", "{CA78C0D7-9486-416E-9842-042813E324EF}"
EndProject
Global
	GlobalSection(SolutionConfigurationPlatforms) = preSolution
		Debug|Any CPU = Debug|Any CPU
		Release|Any CPU = Release|Any CPU
	EndGlobalSection
	GlobalSection(ProjectConfigurationPlatforms) = postSolution
		{CA78C0D7-9486-416E-9842-042813E324EF}.Debug|Any CPU.ActiveCfg = Debug|Any CPU
		{CA78C0D7-9486-416E-9842-042813E324EF}.Debug|Any CPU.Build.0 = Debug|Any CPU
		{CA78C0D7-9486-416E-9842-042813E324EF}.Release|Any CPU.ActiveCfg = Release|Any CPU
		{CA78C0D7-9486-416E-9842-042813E324EF}.Release|Any CPU.Build.0 = Release|Any CPU
	EndGlobalSection
	GlobalSection(SolutionProperties) = preSolution
		HideSolutionNode = FALSE
	EndGlobalSection
	GlobalSection(ExtensibilityGlobals) = postSolution
		SolutionGuid = {29F5DD27-BE6B-40A8-97EA-4C45E0433138}
	EndGlobalSection
EndGlobal
